
Microsoft Visual Studio Solution File, Format Version 12.00
# Visual Studio 15
VisualStudioVersion = 15.0.28010.2048
MinimumVisualStudioVersion = 10.0.40219.1
Project("{2150E333-8FDC-42A3-9474-1A3956D46DE8}") = "src", "src", "{09FE09E6-7A65-4477-86E2-383E6FB5B8CB}"
EndProject
Project("{2150E333-8FDC-42A3-9474-1A3956D46DE8}") = "Services", "Services", "{E74648C9-3374-432F-9F1E-B8B7D0B5A9D4}"
EndProject
Project("{2150E333-8FDC-42A3-9474-1A3956D46DE8}") = "Web", "Web", "{068500D5-36E5-4846-A325-14DDED2B816B}"
EndProject
Project("{FAE04EC0-301F-11D3-BF4B-00C04F79EFBC}") = "Shh.WebApp", "src\Web\Shh.WebApp\Shh.WebApp.csproj", "{5E5AA5A7-BB3A-4B35-BB76-EF525AD75923}"
EndProject
Global
	GlobalSection(SolutionConfigurationPlatforms) = preSolution
		Debug|Any CPU = Debug|Any CPU
		Release|Any CPU = Release|Any CPU
	EndGlobalSection
	GlobalSection(ProjectConfigurationPlatforms) = postSolution
		{5E5AA5A7-BB3A-4B35-BB76-EF525AD75923}.Debug|Any CPU.ActiveCfg = Debug|Any CPU
		{5E5AA5A7-BB3A-4B35-BB76-EF525AD75923}.Debug|Any CPU.Build.0 = Debug|Any CPU
		{5E5AA5A7-BB3A-4B35-BB76-EF525AD75923}.Release|Any CPU.ActiveCfg = Release|Any CPU
		{5E5AA5A7-BB3A-4B35-BB76-EF525AD75923}.Release|Any CPU.Build.0 = Release|Any CPU
	EndGlobalSection
	GlobalSection(SolutionProperties) = preSolution
		HideSolutionNode = FALSE
	EndGlobalSection
	GlobalSection(NestedProjects) = preSolution
		{E74648C9-3374-432F-9F1E-B8B7D0B5A9D4} = {09FE09E6-7A65-4477-86E2-383E6FB5B8CB}
		{068500D5-36E5-4846-A325-14DDED2B816B} = {09FE09E6-7A65-4477-86E2-383E6FB5B8CB}
		{5E5AA5A7-BB3A-4B35-BB76-EF525AD75923} = {068500D5-36E5-4846-A325-14DDED2B816B}
	EndGlobalSection
	GlobalSection(ExtensibilityGlobals) = postSolution
		SolutionGuid = {E266D7C3-0310-4911-8263-A85EF7AF6119}
	EndGlobalSection
EndGlobal
